// !$*UTF8*$!
{
	archiveVersion = 1;
	classes = {
	};
	objectVersion = 56;
	objects = {

/* Begin PBXBuildFile section */
		7EBE6CE62BF657610040D412 /* CapstoneApp.swift in Sources */ = {isa = PBXBuildFile; fileRef = 7EBE6CE52BF657610040D412 /* CapstoneApp.swift */; };
		7EBE6CEA2BF657630040D412 /* Assets.xcassets in Resources */ = {isa = PBXBuildFile; fileRef = 7EBE6CE92BF657630040D412 /* Assets.xcassets */; };
		7EBE6CED2BF657630040D412 /* Preview Assets.xcassets in Resources */ = {isa = PBXBuildFile; fileRef = 7EBE6CEC2BF657630040D412 /* Preview Assets.xcassets */; };
		7EBE6CEF2BF657630040D412 /* Persistence.swift in Sources */ = {isa = PBXBuildFile; fileRef = 7EBE6CEE2BF657630040D412 /* Persistence.swift */; };
		7EBE6CF22BF657630040D412 /* Capstone.xcdatamodeld in Sources */ = {isa = PBXBuildFile; fileRef = 7EBE6CF02BF657630040D412 /* Capstone.xcdatamodeld */; };
		7EBE6CFC2BF657630040D412 /* CapstoneTests.swift in Sources */ = {isa = PBXBuildFile; fileRef = 7EBE6CFB2BF657630040D412 /* CapstoneTests.swift */; };
		7EBE6D062BF657630040D412 /* CapstoneUITests.swift in Sources */ = {isa = PBXBuildFile; fileRef = 7EBE6D052BF657630040D412 /* CapstoneUITests.swift */; };
		7EBE6D082BF657630040D412 /* CapstoneUITestsLaunchTests.swift in Sources */ = {isa = PBXBuildFile; fileRef = 7EBE6D072BF657630040D412 /* CapstoneUITestsLaunchTests.swift */; };
		7EBE6D152C0133FB0040D412 /* Onboarding.swift in Sources */ = {isa = PBXBuildFile; fileRef = 7EBE6D142C0133FB0040D412 /* Onboarding.swift */; };
		7EBE6D172C0A86D20040D412 /* Colors.xcassets in Resources */ = {isa = PBXBuildFile; fileRef = 7EBE6D162C0A86D10040D412 /* Colors.xcassets */; };
		7EBE6D192C0A87480040D412 /* Images.xcassets in Resources */ = {isa = PBXBuildFile; fileRef = 7EBE6D182C0A87480040D412 /* Images.xcassets */; };
		7EBE6D1C2C0A87CA0040D412 /* Images.swift in Sources */ = {isa = PBXBuildFile; fileRef = 7EBE6D1B2C0A87CA0040D412 /* Images.swift */; };
		7EBE6D1E2C0A8D9D0040D412 /* Colors.swift in Sources */ = {isa = PBXBuildFile; fileRef = 7EBE6D1D2C0A8D9D0040D412 /* Colors.swift */; };
		7EBE6D202C0F97E90040D412 /* Home.swift in Sources */ = {isa = PBXBuildFile; fileRef = 7EBE6D1F2C0F97E90040D412 /* Home.swift */; };
		7EBE6D222C0F98170040D412 /* Menu.swift in Sources */ = {isa = PBXBuildFile; fileRef = 7EBE6D212C0F98160040D412 /* Menu.swift */; };
/* End PBXBuildFile section */

/* Begin PBXContainerItemProxy section */
		7EBE6CF82BF657630040D412 /* PBXContainerItemProxy */ = {
			isa = PBXContainerItemProxy;
			containerPortal = 7EBE6CDA2BF657610040D412 /* Project object */;
			proxyType = 1;
			remoteGlobalIDString = 7EBE6CE12BF657610040D412;
			remoteInfo = Capstone;
		};
		7EBE6D022BF657630040D412 /* PBXContainerItemProxy */ = {
			isa = PBXContainerItemProxy;
			containerPortal = 7EBE6CDA2BF657610040D412 /* Project object */;
			proxyType = 1;
			remoteGlobalIDString = 7EBE6CE12BF657610040D412;
			remoteInfo = Capstone;
		};
/* End PBXContainerItemProxy section */

/* Begin PBXFileReference section */
		7EBE6CE22BF657610040D412 /* Capstone.app */ = {isa = PBXFileReference; explicitFileType = wrapper.application; includeInIndex = 0; path = Capstone.app; sourceTree = BUILT_PRODUCTS_DIR; };
		7EBE6CE52BF657610040D412 /* CapstoneApp.swift */ = {isa = PBXFileReference; lastKnownFileType = sourcecode.swift; path = CapstoneApp.swift; sourceTree = "<group>"; };
		7EBE6CE92BF657630040D412 /* Assets.xcassets */ = {isa = PBXFileReference; lastKnownFileType = folder.assetcatalog; path = Assets.xcassets; sourceTree = "<group>"; };
		7EBE6CEC2BF657630040D412 /* Preview Assets.xcassets */ = {isa = PBXFileReference; lastKnownFileType = folder.assetcatalog; path = "Preview Assets.xcassets"; sourceTree = "<group>"; };
		7EBE6CEE2BF657630040D412 /* Persistence.swift */ = {isa = PBXFileReference; lastKnownFileType = sourcecode.swift; path = Persistence.swift; sourceTree = "<group>"; };
		7EBE6CF12BF657630040D412 /* Capstone.xcdatamodel */ = {isa = PBXFileReference; lastKnownFileType = wrapper.xcdatamodel; path = Capstone.xcdatamodel; sourceTree = "<group>"; };
		7EBE6CF72BF657630040D412 /* CapstoneTests.xctest */ = {isa = PBXFileReference; explicitFileType = wrapper.cfbundle; includeInIndex = 0; path = CapstoneTests.xctest; sourceTree = BUILT_PRODUCTS_DIR; };
		7EBE6CFB2BF657630040D412 /* CapstoneTests.swift */ = {isa = PBXFileReference; lastKnownFileType = sourcecode.swift; path = CapstoneTests.swift; sourceTree = "<group>"; };
		7EBE6D012BF657630040D412 /* CapstoneUITests.xctest */ = {isa = PBXFileReference; explicitFileType = wrapper.cfbundle; includeInIndex = 0; path = CapstoneUITests.xctest; sourceTree = BUILT_PRODUCTS_DIR; };
		7EBE6D052BF657630040D412 /* CapstoneUITests.swift */ = {isa = PBXFileReference; lastKnownFileType = sourcecode.swift; path = CapstoneUITests.swift; sourceTree = "<group>"; };
		7EBE6D072BF657630040D412 /* CapstoneUITestsLaunchTests.swift */ = {isa = PBXFileReference; lastKnownFileType = sourcecode.swift; path = CapstoneUITestsLaunchTests.swift; sourceTree = "<group>"; };
		7EBE6D142C0133FB0040D412 /* Onboarding.swift */ = {isa = PBXFileReference; lastKnownFileType = sourcecode.swift; path = Onboarding.swift; sourceTree = "<group>"; };
		7EBE6D162C0A86D10040D412 /* Colors.xcassets */ = {isa = PBXFileReference; lastKnownFileType = folder.assetcatalog; path = Colors.xcassets; sourceTree = "<group>"; };
		7EBE6D182C0A87480040D412 /* Images.xcassets */ = {isa = PBXFileReference; lastKnownFileType = folder.assetcatalog; path = Images.xcassets; sourceTree = "<group>"; };
		7EBE6D1B2C0A87CA0040D412 /* Images.swift */ = {isa = PBXFileReference; lastKnownFileType = sourcecode.swift; path = Images.swift; sourceTree = "<group>"; };
		7EBE6D1D2C0A8D9D0040D412 /* Colors.swift */ = {isa = PBXFileReference; lastKnownFileType = sourcecode.swift; path = Colors.swift; sourceTree = "<group>"; };
		7EBE6D1F2C0F97E90040D412 /* Home.swift */ = {isa = PBXFileReference; lastKnownFileType = sourcecode.swift; path = Home.swift; sourceTree = "<group>"; };
		7EBE6D212C0F98160040D412 /* Menu.swift */ = {isa = PBXFileReference; lastKnownFileType = sourcecode.swift; path = Menu.swift; sourceTree = "<group>"; };
/* End PBXFileReference section */

/* Begin PBXFrameworksBuildPhase section */
		7EBE6CDF2BF657610040D412 /* Frameworks */ = {
			isa = PBXFrameworksBuildPhase;
			buildActionMask = 2147483647;
			files = (
			);
			runOnlyForDeploymentPostprocessing = 0;
		};
		7EBE6CF42BF657630040D412 /* Frameworks */ = {
			isa = PBXFrameworksBuildPhase;
			buildActionMask = 2147483647;
			files = (
			);
			runOnlyForDeploymentPostprocessing = 0;
		};
		7EBE6CFE2BF657630040D412 /* Frameworks */ = {
			isa = PBXFrameworksBuildPhase;
			buildActionMask = 2147483647;
			files = (
			);
			runOnlyForDeploymentPostprocessing = 0;
		};
/* End PBXFrameworksBuildPhase section */

/* Begin PBXGroup section */
		7EBE6CD92BF657610040D412 = {
			isa = PBXGroup;
			children = (
				7EBE6CE42BF657610040D412 /* Capstone */,
				7EBE6CFA2BF657630040D412 /* CapstoneTests */,
				7EBE6D042BF657630040D412 /* CapstoneUITests */,
				7EBE6CE32BF657610040D412 /* Products */,
			);
			sourceTree = "<group>";
		};
		7EBE6CE32BF657610040D412 /* Products */ = {
			isa = PBXGroup;
			children = (
				7EBE6CE22BF657610040D412 /* Capstone.app */,
				7EBE6CF72BF657630040D412 /* CapstoneTests.xctest */,
				7EBE6D012BF657630040D412 /* CapstoneUITests.xctest */,
			);
			name = Products;
			sourceTree = "<group>";
		};
		7EBE6CE42BF657610040D412 /* Capstone */ = {
			isa = PBXGroup;
			children = (
				7EBE6D1A2C0A87BF0040D412 /* UI */,
				7EBE6CE52BF657610040D412 /* CapstoneApp.swift */,
				7EBE6CE92BF657630040D412 /* Assets.xcassets */,
				7EBE6CEE2BF657630040D412 /* Persistence.swift */,
				7EBE6CF02BF657630040D412 /* Capstone.xcdatamodeld */,
				7EBE6CEB2BF657630040D412 /* Preview Content */,
				7EBE6D142C0133FB0040D412 /* Onboarding.swift */,
				7EBE6D162C0A86D10040D412 /* Colors.xcassets */,
				7EBE6D182C0A87480040D412 /* Images.xcassets */,
				7EBE6D1F2C0F97E90040D412 /* Home.swift */,
				7EBE6D212C0F98160040D412 /* Menu.swift */,
			);
			path = Capstone;
			sourceTree = "<group>";
		};
		7EBE6CEB2BF657630040D412 /* Preview Content */ = {
			isa = PBXGroup;
			children = (
				7EBE6CEC2BF657630040D412 /* Preview Assets.xcassets */,
			);
			path = "Preview Content";
			sourceTree = "<group>";
		};
		7EBE6CFA2BF657630040D412 /* CapstoneTests */ = {
			isa = PBXGroup;
			children = (
				7EBE6CFB2BF657630040D412 /* CapstoneTests.swift */,
			);
			path = CapstoneTests;
			sourceTree = "<group>";
		};
		7EBE6D042BF657630040D412 /* CapstoneUITests */ = {
			isa = PBXGroup;
			children = (
				7EBE6D052BF657630040D412 /* CapstoneUITests.swift */,
				7EBE6D072BF657630040D412 /* CapstoneUITestsLaunchTests.swift */,
			);
			path = CapstoneUITests;
			sourceTree = "<group>";
		};
		7EBE6D1A2C0A87BF0040D412 /* UI */ = {
			isa = PBXGroup;
			children = (
				7EBE6D1B2C0A87CA0040D412 /* Images.swift */,
				7EBE6D1D2C0A8D9D0040D412 /* Colors.swift */,
			);
			path = UI;
			sourceTree = "<group>";
		};
/* End PBXGroup section */

/* Begin PBXNativeTarget section */
		7EBE6CE12BF657610040D412 /* Capstone */ = {
			isa = PBXNativeTarget;
			buildConfigurationList = 7EBE6D0B2BF657630040D412 /* Build configuration list for PBXNativeTarget "Capstone" */;
			buildPhases = (
				7EBE6CDE2BF657610040D412 /* Sources */,
				7EBE6CDF2BF657610040D412 /* Frameworks */,
				7EBE6CE02BF657610040D412 /* Resources */,
			);
			buildRules = (
			);
			dependencies = (
			);
			name = Capstone;
			productName = Capstone;
			productReference = 7EBE6CE22BF657610040D412 /* Capstone.app */;
			productType = "com.apple.product-type.application";
		};
		7EBE6CF62BF657630040D412 /* CapstoneTests */ = {
			isa = PBXNativeTarget;
			buildConfigurationList = 7EBE6D0E2BF657630040D412 /* Build configuration list for PBXNativeTarget "CapstoneTests" */;
			buildPhases = (
				7EBE6CF32BF657630040D412 /* Sources */,
				7EBE6CF42BF657630040D412 /* Frameworks */,
				7EBE6CF52BF657630040D412 /* Resources */,
			);
			buildRules = (
			);
			dependencies = (
				7EBE6CF92BF657630040D412 /* PBXTargetDependency */,
			);
			name = CapstoneTests;
			productName = CapstoneTests;
			productReference = 7EBE6CF72BF657630040D412 /* CapstoneTests.xctest */;
			productType = "com.apple.product-type.bundle.unit-test";
		};
		7EBE6D002BF657630040D412 /* CapstoneUITests */ = {
			isa = PBXNativeTarget;
			buildConfigurationList = 7EBE6D112BF657630040D412 /* Build configuration list for PBXNativeTarget "CapstoneUITests" */;
			buildPhases = (
				7EBE6CFD2BF657630040D412 /* Sources */,
				7EBE6CFE2BF657630040D412 /* Frameworks */,
				7EBE6CFF2BF657630040D412 /* Resources */,
			);
			buildRules = (
			);
			dependencies = (
				7EBE6D032BF657630040D412 /* PBXTargetDependency */,
			);
			name = CapstoneUITests;
			productName = CapstoneUITests;
			productReference = 7EBE6D012BF657630040D412 /* CapstoneUITests.xctest */;
			productType = "com.apple.product-type.bundle.ui-testing";
		};
/* End PBXNativeTarget section */

/* Begin PBXProject section */
		7EBE6CDA2BF657610040D412 /* Project object */ = {
			isa = PBXProject;
			attributes = {
				BuildIndependentTargetsInParallel = 1;
				LastSwiftUpdateCheck = 1530;
				LastUpgradeCheck = 1530;
				TargetAttributes = {
					7EBE6CE12BF657610040D412 = {
						CreatedOnToolsVersion = 15.3;
					};
					7EBE6CF62BF657630040D412 = {
						CreatedOnToolsVersion = 15.3;
						TestTargetID = 7EBE6CE12BF657610040D412;
					};
					7EBE6D002BF657630040D412 = {
						CreatedOnToolsVersion = 15.3;
						TestTargetID = 7EBE6CE12BF657610040D412;
					};
				};
			};
			buildConfigurationList = 7EBE6CDD2BF657610040D412 /* Build configuration list for PBXProject "Capstone" */;
			compatibilityVersion = "Xcode 14.0";
			developmentRegion = en;
			hasScannedForEncodings = 0;
			knownRegions = (
				en,
				Base,
			);
			mainGroup = 7EBE6CD92BF657610040D412;
			productRefGroup = 7EBE6CE32BF657610040D412 /* Products */;
			projectDirPath = "";
			projectRoot = "";
			targets = (
				7EBE6CE12BF657610040D412 /* Capstone */,
				7EBE6CF62BF657630040D412 /* CapstoneTests */,
				7EBE6D002BF657630040D412 /* CapstoneUITests */,
			);
		};
/* End PBXProject section */

/* Begin PBXResourcesBuildPhase section */
		7EBE6CE02BF657610040D412 /* Resources */ = {
			isa = PBXResourcesBuildPhase;
			buildActionMask = 2147483647;
			files = (
				7EBE6D172C0A86D20040D412 /* Colors.xcassets in Resources */,
				7EBE6D192C0A87480040D412 /* Images.xcassets in Resources */,
				7EBE6CED2BF657630040D412 /* Preview Assets.xcassets in Resources */,
				7EBE6CEA2BF657630040D412 /* Assets.xcassets in Resources */,
			);
			runOnlyForDeploymentPostprocessing = 0;
		};
		7EBE6CF52BF657630040D412 /* Resources */ = {
			isa = PBXResourcesBuildPhase;
			buildActionMask = 2147483647;
			files = (
			);
			runOnlyForDeploymentPostprocessing = 0;
		};
		7EBE6CFF2BF657630040D412 /* Resources */ = {
			isa = PBXResourcesBuildPhase;
			buildActionMask = 2147483647;
			files = (
			);
			runOnlyForDeploymentPostprocessing = 0;
		};
/* End PBXResourcesBuildPhase section */

/* Begin PBXSourcesBuildPhase section */
		7EBE6CDE2BF657610040D412 /* Sources */ = {
			isa = PBXSourcesBuildPhase;
			buildActionMask = 2147483647;
			files = (
				7EBE6CEF2BF657630040D412 /* Persistence.swift in Sources */,
				7EBE6D1E2C0A8D9D0040D412 /* Colors.swift in Sources */,
				7EBE6D222C0F98170040D412 /* Menu.swift in Sources */,
				7EBE6D152C0133FB0040D412 /* Onboarding.swift in Sources */,
				7EBE6D1C2C0A87CA0040D412 /* Images.swift in Sources */,
				7EBE6CF22BF657630040D412 /* Capstone.xcdatamodeld in Sources */,
				7EBE6CE62BF657610040D412 /* CapstoneApp.swift in Sources */,
				7EBE6D202C0F97E90040D412 /* Home.swift in Sources */,
			);
			runOnlyForDeploymentPostprocessing = 0;
		};
		7EBE6CF32BF657630040D412 /* Sources */ = {
			isa = PBXSourcesBuildPhase;
			buildActionMask = 2147483647;
			files = (
				7EBE6CFC2BF657630040D412 /* CapstoneTests.swift in Sources */,
			);
			runOnlyForDeploymentPostprocessing = 0;
		};
		7EBE6CFD2BF657630040D412 /* Sources */ = {
			isa = PBXSourcesBuildPhase;
			buildActionMask = 2147483647;
			files = (
				7EBE6D082BF657630040D412 /* CapstoneUITestsLaunchTests.swift in Sources */,
				7EBE6D062BF657630040D412 /* CapstoneUITests.swift in Sources */,
			);
			runOnlyForDeploymentPostprocessing = 0;
		};
/* End PBXSourcesBuildPhase section */

/* Begin PBXTargetDependency section */
		7EBE6CF92BF657630040D412 /* PBXTargetDependency */ = {
			isa = PBXTargetDependency;
			target = 7EBE6CE12BF657610040D412 /* Capstone */;
			targetProxy = 7EBE6CF82BF657630040D412 /* PBXContainerItemProxy */;
		};
		7EBE6D032BF657630040D412 /* PBXTargetDependency */ = {
			isa = PBXTargetDependency;
			target = 7EBE6CE12BF657610040D412 /* Capstone */;
			targetProxy = 7EBE6D022BF657630040D412 /* PBXContainerItemProxy */;
		};
/* End PBXTargetDependency section */

/* Begin XCBuildConfiguration section */
		7EBE6D092BF657630040D412 /* Debug */ = {
			isa = XCBuildConfiguration;
			buildSettings = {
				ALWAYS_SEARCH_USER_PATHS = NO;
				ASSETCATALOG_COMPILER_GENERATE_SWIFT_ASSET_SYMBOL_EXTENSIONS = YES;
				CLANG_ANALYZER_NONNULL = YES;
				CLANG_ANALYZER_NUMBER_OBJECT_CONVERSION = YES_AGGRESSIVE;
				CLANG_CXX_LANGUAGE_STANDARD = "gnu++20";
				CLANG_ENABLE_MODULES = YES;
				CLANG_ENABLE_OBJC_ARC = YES;
				CLANG_ENABLE_OBJC_WEAK = YES;
				CLANG_WARN_BLOCK_CAPTURE_AUTORELEASING = YES;
				CLANG_WARN_BOOL_CONVERSION = YES;
				CLANG_WARN_COMMA = YES;
				CLANG_WARN_CONSTANT_CONVERSION = YES;
				CLANG_WARN_DEPRECATED_OBJC_IMPLEMENTATIONS = YES;
				CLANG_WARN_DIRECT_OBJC_ISA_USAGE = YES_ERROR;
				CLANG_WARN_DOCUMENTATION_COMMENTS = YES;
				CLANG_WARN_EMPTY_BODY = YES;
				CLANG_WARN_ENUM_CONVERSION = YES;
				CLANG_WARN_INFINITE_RECURSION = YES;
				CLANG_WARN_INT_CONVERSION = YES;
				CLANG_WARN_NON_LITERAL_NULL_CONVERSION = YES;
				CLANG_WARN_OBJC_IMPLICIT_RETAIN_SELF = YES;
				CLANG_WARN_OBJC_LITERAL_CONVERSION = YES;
				CLANG_WARN_OBJC_ROOT_CLASS = YES_ERROR;
				CLANG_WARN_QUOTED_INCLUDE_IN_FRAMEWORK_HEADER = YES;
				CLANG_WARN_RANGE_LOOP_ANALYSIS = YES;
				CLANG_WARN_STRICT_PROTOTYPES = YES;
				CLANG_WARN_SUSPICIOUS_MOVE = YES;
				CLANG_WARN_UNGUARDED_AVAILABILITY = YES_AGGRESSIVE;
				CLANG_WARN_UNREACHABLE_CODE = YES;
				CLANG_WARN__DUPLICATE_METHOD_MATCH = YES;
				COPY_PHASE_STRIP = NO;
				DEBUG_INFORMATION_FORMAT = dwarf;
				ENABLE_STRICT_OBJC_MSGSEND = YES;
				ENABLE_TESTABILITY = YES;
				ENABLE_USER_SCRIPT_SANDBOXING = YES;
				GCC_C_LANGUAGE_STANDARD = gnu17;
				GCC_DYNAMIC_NO_PIC = NO;
				GCC_NO_COMMON_BLOCKS = YES;
				GCC_OPTIMIZATION_LEVEL = 0;
				GCC_PREPROCESSOR_DEFINITIONS = (
					"DEBUG=1",
					"$(inherited)",
				);
				GCC_WARN_64_TO_32_BIT_CONVERSION = YES;
				GCC_WARN_ABOUT_RETURN_TYPE = YES_ERROR;
				GCC_WARN_UNDECLARED_SELECTOR = YES;
				GCC_WARN_UNINITIALIZED_AUTOS = YES_AGGRESSIVE;
				GCC_WARN_UNUSED_FUNCTION = YES;
				GCC_WARN_UNUSED_VARIABLE = YES;
				IPHONEOS_DEPLOYMENT_TARGET = 17.4;
				LOCALIZATION_PREFERS_STRING_CATALOGS = YES;
				MTL_ENABLE_DEBUG_INFO = INCLUDE_SOURCE;
				MTL_FAST_MATH = YES;
				ONLY_ACTIVE_ARCH = YES;
				SDKROOT = iphoneos;
				SWIFT_ACTIVE_COMPILATION_CONDITIONS = "DEBUG $(inherited)";
				SWIFT_OPTIMIZATION_LEVEL = "-Onone";
			};
			name = Debug;
		};
		7EBE6D0A2BF657630040D412 /* Release */ = {
			isa = XCBuildConfiguration;
			buildSettings = {
				ALWAYS_SEARCH_USER_PATHS = NO;
				ASSETCATALOG_COMPILER_GENERATE_SWIFT_ASSET_SYMBOL_EXTENSIONS = YES;
				CLANG_ANALYZER_NONNULL = YES;
				CLANG_ANALYZER_NUMBER_OBJECT_CONVERSION = YES_AGGRESSIVE;
				CLANG_CXX_LANGUAGE_STANDARD = "gnu++20";
				CLANG_ENABLE_MODULES = YES;
				CLANG_ENABLE_OBJC_ARC = YES;
				CLANG_ENABLE_OBJC_WEAK = YES;
				CLANG_WARN_BLOCK_CAPTURE_AUTORELEASING = YES;
				CLANG_WARN_BOOL_CONVERSION = YES;
				CLANG_WARN_COMMA = YES;
				CLANG_WARN_CONSTANT_CONVERSION = YES;
				CLANG_WARN_DEPRECATED_OBJC_IMPLEMENTATIONS = YES;
				CLANG_WARN_DIRECT_OBJC_ISA_USAGE = YES_ERROR;
				CLANG_WARN_DOCUMENTATION_COMMENTS = YES;
				CLANG_WARN_EMPTY_BODY = YES;
				CLANG_WARN_ENUM_CONVERSION = YES;
				CLANG_WARN_INFINITE_RECURSION = YES;
				CLANG_WARN_INT_CONVERSION = YES;
				CLANG_WARN_NON_LITERAL_NULL_CONVERSION = YES;
				CLANG_WARN_OBJC_IMPLICIT_RETAIN_SELF = YES;
				CLANG_WARN_OBJC_LITERAL_CONVERSION = YES;
				CLANG_WARN_OBJC_ROOT_CLASS = YES_ERROR;
				CLANG_WARN_QUOTED_INCLUDE_IN_FRAMEWORK_HEADER = YES;
				CLANG_WARN_RANGE_LOOP_ANALYSIS = YES;
				CLANG_WARN_STRICT_PROTOTYPES = YES;
				CLANG_WARN_SUSPICIOUS_MOVE = YES;
				CLANG_WARN_UNGUARDED_AVAILABILITY = YES_AGGRESSIVE;
				CLANG_WARN_UNREACHABLE_CODE = YES;
				CLANG_WARN__DUPLICATE_METHOD_MATCH = YES;
				COPY_PHASE_STRIP = NO;
				DEBUG_INFORMATION_FORMAT = "dwarf-with-dsym";
				ENABLE_NS_ASSERTIONS = NO;
				ENABLE_STRICT_OBJC_MSGSEND = YES;
				ENABLE_USER_SCRIPT_SANDBOXING = YES;
				GCC_C_LANGUAGE_STANDARD = gnu17;
				GCC_NO_COMMON_BLOCKS = YES;
				GCC_WARN_64_TO_32_BIT_CONVERSION = YES;
				GCC_WARN_ABOUT_RETURN_TYPE = YES_ERROR;
				GCC_WARN_UNDECLARED_SELECTOR = YES;
				GCC_WARN_UNINITIALIZED_AUTOS = YES_AGGRESSIVE;
				GCC_WARN_UNUSED_FUNCTION = YES;
				GCC_WARN_UNUSED_VARIABLE = YES;
				IPHONEOS_DEPLOYMENT_TARGET = 17.4;
				LOCALIZATION_PREFERS_STRING_CATALOGS = YES;
				MTL_ENABLE_DEBUG_INFO = NO;
				MTL_FAST_MATH = YES;
				SDKROOT = iphoneos;
				SWIFT_COMPILATION_MODE = wholemodule;
				VALIDATE_PRODUCT = YES;
			};
			name = Release;
		};
		7EBE6D0C2BF657630040D412 /* Debug */ = {
			isa = XCBuildConfiguration;
			buildSettings = {
				ASSETCATALOG_COMPILER_APPICON_NAME = AppIcon;
				ASSETCATALOG_COMPILER_GLOBAL_ACCENT_COLOR_NAME = AccentColor;
				CODE_SIGN_STYLE = Automatic;
				CURRENT_PROJECT_VERSION = 1;
				DEVELOPMENT_ASSET_PATHS = "\"Capstone/Preview Content\"";
				ENABLE_PREVIEWS = YES;
				GENERATE_INFOPLIST_FILE = YES;
				INFOPLIST_KEY_UIApplicationSceneManifest_Generation = YES;
				INFOPLIST_KEY_UIApplicationSupportsIndirectInputEvents = YES;
				INFOPLIST_KEY_UILaunchScreen_Generation = YES;
				INFOPLIST_KEY_UISupportedInterfaceOrientations_iPad = "UIInterfaceOrientationPortrait UIInterfaceOrientationPortraitUpsideDown UIInterfaceOrientationLandscapeLeft UIInterfaceOrientationLandscapeRight";
				INFOPLIST_KEY_UISupportedInterfaceOrientations_iPhone = "UIInterfaceOrientationPortrait UIInterfaceOrientationLandscapeLeft UIInterfaceOrientationLandscapeRight";
				LD_RUNPATH_SEARCH_PATHS = (
					"$(inherited)",
					"@executable_path/Frameworks",
				);
				MARKETING_VERSION = 1.0;
				PRODUCT_BUNDLE_IDENTIFIER = evg.Capstone;
				PRODUCT_NAME = "$(TARGET_NAME)";
				SWIFT_EMIT_LOC_STRINGS = YES;
				SWIFT_VERSION = 5.0;
				TARGETED_DEVICE_FAMILY = "1,2";
			};
			name = Debug;
		};
		7EBE6D0D2BF657630040D412 /* Release */ = {
			isa = XCBuildConfiguration;
			buildSettings = {
				ASSETCATALOG_COMPILER_APPICON_NAME = AppIcon;
				ASSETCATALOG_COMPILER_GLOBAL_ACCENT_COLOR_NAME = AccentColor;
				CODE_SIGN_STYLE = Automatic;
				CURRENT_PROJECT_VERSION = 1;
				DEVELOPMENT_ASSET_PATHS = "\"Capstone/Preview Content\"";
				ENABLE_PREVIEWS = YES;
				GENERATE_INFOPLIST_FILE = YES;
				INFOPLIST_KEY_UIApplicationSceneManifest_Generation = YES;
				INFOPLIST_KEY_UIApplicationSupportsIndirectInputEvents = YES;
				INFOPLIST_KEY_UILaunchScreen_Generation = YES;
				INFOPLIST_KEY_UISupportedInterfaceOrientations_iPad = "UIInterfaceOrientationPortrait UIInterfaceOrientationPortraitUpsideDown UIInterfaceOrientationLandscapeLeft UIInterfaceOrientationLandscapeRight";
				INFOPLIST_KEY_UISupportedInterfaceOrientations_iPhone = "UIInterfaceOrientationPortrait UIInterfaceOrientationLandscapeLeft UIInterfaceOrientationLandscapeRight";
				LD_RUNPATH_SEARCH_PATHS = (
					"$(inherited)",
					"@executable_path/Frameworks",
				);
				MARKETING_VERSION = 1.0;
				PRODUCT_BUNDLE_IDENTIFIER = evg.Capstone;
				PRODUCT_NAME = "$(TARGET_NAME)";
				SWIFT_EMIT_LOC_STRINGS = YES;
				SWIFT_VERSION = 5.0;
				TARGETED_DEVICE_FAMILY = "1,2";
			};
			name = Release;
		};
		7EBE6D0F2BF657630040D412 /* Debug */ = {
			isa = XCBuildConfiguration;
			buildSettings = {
				ALWAYS_EMBED_SWIFT_STANDARD_LIBRARIES = YES;
				BUNDLE_LOADER = "$(TEST_HOST)";
				CODE_SIGN_STYLE = Automatic;
				CURRENT_PROJECT_VERSION = 1;
				GENERATE_INFOPLIST_FILE = YES;
				IPHONEOS_DEPLOYMENT_TARGET = 17.4;
				MARKETING_VERSION = 1.0;
				PRODUCT_BUNDLE_IDENTIFIER = evg.CapstoneTests;
				PRODUCT_NAME = "$(TARGET_NAME)";
				SWIFT_EMIT_LOC_STRINGS = NO;
				SWIFT_VERSION = 5.0;
				TARGETED_DEVICE_FAMILY = "1,2";
				TEST_HOST = "$(BUILT_PRODUCTS_DIR)/Capstone.app/$(BUNDLE_EXECUTABLE_FOLDER_PATH)/Capstone";
			};
			name = Debug;
		};
		7EBE6D102BF657630040D412 /* Release */ = {
			isa = XCBuildConfiguration;
			buildSettings = {
				ALWAYS_EMBED_SWIFT_STANDARD_LIBRARIES = YES;
				BUNDLE_LOADER = "$(TEST_HOST)";
				CODE_SIGN_STYLE = Automatic;
				CURRENT_PROJECT_VERSION = 1;
				GENERATE_INFOPLIST_FILE = YES;
				IPHONEOS_DEPLOYMENT_TARGET = 17.4;
				MARKETING_VERSION = 1.0;
				PRODUCT_BUNDLE_IDENTIFIER = evg.CapstoneTests;
				PRODUCT_NAME = "$(TARGET_NAME)";
				SWIFT_EMIT_LOC_STRINGS = NO;
				SWIFT_VERSION = 5.0;
				TARGETED_DEVICE_FAMILY = "1,2";
				TEST_HOST = "$(BUILT_PRODUCTS_DIR)/Capstone.app/$(BUNDLE_EXECUTABLE_FOLDER_PATH)/Capstone";
			};
			name = Release;
		};
		7EBE6D122BF657630040D412 /* Debug */ = {
			isa = XCBuildConfiguration;
			buildSettings = {
				ALWAYS_EMBED_SWIFT_STANDARD_LIBRARIES = YES;
				CODE_SIGN_STYLE = Automatic;
				CURRENT_PROJECT_VERSION = 1;
				GENERATE_INFOPLIST_FILE = YES;
				MARKETING_VERSION = 1.0;
				PRODUCT_BUNDLE_IDENTIFIER = evg.CapstoneUITests;
				PRODUCT_NAME = "$(TARGET_NAME)";
				SWIFT_EMIT_LOC_STRINGS = NO;
				SWIFT_VERSION = 5.0;
				TARGETED_DEVICE_FAMILY = "1,2";
				TEST_TARGET_NAME = Capstone;
			};
			name = Debug;
		};
		7EBE6D132BF657630040D412 /* Release */ = {
			isa = XCBuildConfiguration;
			buildSettings = {
				ALWAYS_EMBED_SWIFT_STANDARD_LIBRARIES = YES;
				CODE_SIGN_STYLE = Automatic;
				CURRENT_PROJECT_VERSION = 1;
				GENERATE_INFOPLIST_FILE = YES;
				MARKETING_VERSION = 1.0;
				PRODUCT_BUNDLE_IDENTIFIER = evg.CapstoneUITests;
				PRODUCT_NAME = "$(TARGET_NAME)";
				SWIFT_EMIT_LOC_STRINGS = NO;
				SWIFT_VERSION = 5.0;
				TARGETED_DEVICE_FAMILY = "1,2";
				TEST_TARGET_NAME = Capstone;
			};
			name = Release;
		};
/* End XCBuildConfiguration section */

/* Begin XCConfigurationList section */
		7EBE6CDD2BF657610040D412 /* Build configuration list for PBXProject "Capstone" */ = {
			isa = XCConfigurationList;
			buildConfigurations = (
				7EBE6D092BF657630040D412 /* Debug */,
				7EBE6D0A2BF657630040D412 /* Release */,
			);
			defaultConfigurationIsVisible = 0;
			defaultConfigurationName = Release;
		};
		7EBE6D0B2BF657630040D412 /* Build configuration list for PBXNativeTarget "Capstone" */ = {
			isa = XCConfigurationList;
			buildConfigurations = (
				7EBE6D0C2BF657630040D412 /* Debug */,
				7EBE6D0D2BF657630040D412 /* Release */,
			);
			defaultConfigurationIsVisible = 0;
			defaultConfigurationName = Release;
		};
		7EBE6D0E2BF657630040D412 /* Build configuration list for PBXNativeTarget "CapstoneTests" */ = {
			isa = XCConfigurationList;
			buildConfigurations = (
				7EBE6D0F2BF657630040D412 /* Debug */,
				7EBE6D102BF657630040D412 /* Release */,
			);
			defaultConfigurationIsVisible = 0;
			defaultConfigurationName = Release;
		};
		7EBE6D112BF657630040D412 /* Build configuration list for PBXNativeTarget "CapstoneUITests" */ = {
			isa = XCConfigurationList;
			buildConfigurations = (
				7EBE6D122BF657630040D412 /* Debug */,
				7EBE6D132BF657630040D412 /* Release */,
			);
			defaultConfigurationIsVisible = 0;
			defaultConfigurationName = Release;
		};
/* End XCConfigurationList section */

/* Begin XCVersionGroup section */
		7EBE6CF02BF657630040D412 /* Capstone.xcdatamodeld */ = {
			isa = XCVersionGroup;
			children = (
				7EBE6CF12BF657630040D412 /* Capstone.xcdatamodel */,
			);
			currentVersion = 7EBE6CF12BF657630040D412 /* Capstone.xcdatamodel */;
			path = Capstone.xcdatamodeld;
			sourceTree = "<group>";
			versionGroupType = wrapper.xcdatamodel;
		};
/* End XCVersionGroup section */
	};
	rootObject = 7EBE6CDA2BF657610040D412 /* Project object */;
}
